// !$*UTF8*$!
{
	archiveVersion = 1;
	classes = {
	};
	objectVersion = 56;
	objects = {

/* Begin PBXBuildFile section */
		1866598B2A414BE2002DFB58 /* Search_viewModel.swift in Sources */ = {isa = PBXBuildFile; fileRef = 1866598A2A414BE0002DFB58 /* Search_viewModel.swift */; };
		1866598D2A414D0B002DFB58 /* SearchViewController.swift in Sources */ = {isa = PBXBuildFile; fileRef = 1866598C2A414D0B002DFB58 /* SearchViewController.swift */; };
		188F9B192A3F4188008AC2A8 /* Network_services.swift in Sources */ = {isa = PBXBuildFile; fileRef = 188F9B182A3F4188008AC2A8 /* Network_services.swift */; };
		188F9B1C2A3FC813008AC2A8 /* api_constant.swift in Sources */ = {isa = PBXBuildFile; fileRef = 188F9B1B2A3FC812008AC2A8 /* api_constant.swift */; };
		18B0C4402A40ADC70014E07F /* Network_client.swift in Sources */ = {isa = PBXBuildFile; fileRef = 18B0C43F2A40ADC60014E07F /* Network_client.swift */; };
		18B0C4422A40B3FD0014E07F /* Remote_data_source.swift in Sources */ = {isa = PBXBuildFile; fileRef = 18B0C4412A40B3FD0014E07F /* Remote_data_source.swift */; };
		18B0C4442A40B6870014E07F /* Base_Repositary.swift in Sources */ = {isa = PBXBuildFile; fileRef = 18B0C4432A40B6870014E07F /* Base_Repositary.swift */; };
		18B0C4472A40B75A0014E07F /* repositary.swift in Sources */ = {isa = PBXBuildFile; fileRef = 18B0C4462A40B75A0014E07F /* repositary.swift */; };
		18B0C4492A40B93E0014E07F /* AllSeries_usecase.swift in Sources */ = {isa = PBXBuildFile; fileRef = 18B0C4482A40B93E0014E07F /* AllSeries_usecase.swift */; };
		18B0C44C2A40BCFE0014E07F /* Home_viewModel.swift in Sources */ = {isa = PBXBuildFile; fileRef = 18B0C44B2A40BCFE0014E07F /* Home_viewModel.swift */; };
		18B8E6192A3E2282009C32F0 /* HomeViewController.swift in Sources */ = {isa = PBXBuildFile; fileRef = 18B8E6182A3E2282009C32F0 /* HomeViewController.swift */; };
		18B8E6242A3E3A53009C32F0 /* Cosmos in Frameworks */ = {isa = PBXBuildFile; productRef = 18B8E6232A3E3A53009C32F0 /* Cosmos */; };
		18B8E6262A3E425C009C32F0 /* TableViewCellForSection.swift in Sources */ = {isa = PBXBuildFile; fileRef = 18B8E6252A3E425C009C32F0 /* TableViewCellForSection.swift */; };
		18B8E6292A3E5E2F009C32F0 /* TableViewCellForRow.swift in Sources */ = {isa = PBXBuildFile; fileRef = 18B8E6272A3E5E2E009C32F0 /* TableViewCellForRow.swift */; };
		18B8E62A2A3E5E2F009C32F0 /* TableViewCellForRow.xib in Resources */ = {isa = PBXBuildFile; fileRef = 18B8E6282A3E5E2E009C32F0 /* TableViewCellForRow.xib */; };
		18B8E62E2A3E9011009C32F0 /* Series_get_request.swift in Sources */ = {isa = PBXBuildFile; fileRef = 18B8E62D2A3E9011009C32F0 /* Series_get_request.swift */; };
		18D5D4532A3A6B7400BDB42A /* AppDelegate.swift in Sources */ = {isa = PBXBuildFile; fileRef = 18D5D4522A3A6B7400BDB42A /* AppDelegate.swift */; };
		18D5D4552A3A6B7400BDB42A /* SceneDelegate.swift in Sources */ = {isa = PBXBuildFile; fileRef = 18D5D4542A3A6B7400BDB42A /* SceneDelegate.swift */; };
		18D5D45A2A3A6B7400BDB42A /* Main.storyboard in Resources */ = {isa = PBXBuildFile; fileRef = 18D5D4582A3A6B7400BDB42A /* Main.storyboard */; };
		18D5D45D2A3A6B7400BDB42A /* MarvelUniverse.xcdatamodeld in Sources */ = {isa = PBXBuildFile; fileRef = 18D5D45B2A3A6B7400BDB42A /* MarvelUniverse.xcdatamodeld */; };
		18D5D45F2A3A6B8E00BDB42A /* Assets.xcassets in Resources */ = {isa = PBXBuildFile; fileRef = 18D5D45E2A3A6B8E00BDB42A /* Assets.xcassets */; };
		18D5D4622A3A6B8E00BDB42A /* LaunchScreen.storyboard in Resources */ = {isa = PBXBuildFile; fileRef = 18D5D4602A3A6B8E00BDB42A /* LaunchScreen.storyboard */; };
		18D5D46B2A3A747900BDB42A /* Alamofire in Frameworks */ = {isa = PBXBuildFile; productRef = 18D5D46A2A3A747900BDB42A /* Alamofire */; };
		18D5D46E2A3A74BF00BDB42A /* Kingfisher in Frameworks */ = {isa = PBXBuildFile; productRef = 18D5D46D2A3A74BF00BDB42A /* Kingfisher */; };
/* End PBXBuildFile section */

/* Begin PBXFileReference section */
		1866598A2A414BE0002DFB58 /* Search_viewModel.swift */ = {isa = PBXFileReference; lastKnownFileType = sourcecode.swift; path = Search_viewModel.swift; sourceTree = "<group>"; };
		1866598C2A414D0B002DFB58 /* SearchViewController.swift */ = {isa = PBXFileReference; lastKnownFileType = sourcecode.swift; path = SearchViewController.swift; sourceTree = "<group>"; };
		188F9B182A3F4188008AC2A8 /* Network_services.swift */ = {isa = PBXFileReference; lastKnownFileType = sourcecode.swift; path = Network_services.swift; sourceTree = "<group>"; };
		188F9B1B2A3FC812008AC2A8 /* api_constant.swift */ = {isa = PBXFileReference; lastKnownFileType = sourcecode.swift; path = api_constant.swift; sourceTree = "<group>"; };
		18B0C43F2A40ADC60014E07F /* Network_client.swift */ = {isa = PBXFileReference; lastKnownFileType = sourcecode.swift; path = Network_client.swift; sourceTree = "<group>"; };
		18B0C4412A40B3FD0014E07F /* Remote_data_source.swift */ = {isa = PBXFileReference; lastKnownFileType = sourcecode.swift; path = Remote_data_source.swift; sourceTree = "<group>"; };
		18B0C4432A40B6870014E07F /* Base_Repositary.swift */ = {isa = PBXFileReference; lastKnownFileType = sourcecode.swift; path = Base_Repositary.swift; sourceTree = "<group>"; };
		18B0C4462A40B75A0014E07F /* repositary.swift */ = {isa = PBXFileReference; lastKnownFileType = sourcecode.swift; path = repositary.swift; sourceTree = "<group>"; };
		18B0C4482A40B93E0014E07F /* AllSeries_usecase.swift */ = {isa = PBXFileReference; lastKnownFileType = sourcecode.swift; path = AllSeries_usecase.swift; sourceTree = "<group>"; };
		18B0C44B2A40BCFE0014E07F /* Home_viewModel.swift */ = {isa = PBXFileReference; lastKnownFileType = sourcecode.swift; path = Home_viewModel.swift; sourceTree = "<group>"; };
		18B8E6182A3E2282009C32F0 /* HomeViewController.swift */ = {isa = PBXFileReference; lastKnownFileType = sourcecode.swift; path = HomeViewController.swift; sourceTree = "<group>"; };
		18B8E6252A3E425C009C32F0 /* TableViewCellForSection.swift */ = {isa = PBXFileReference; lastKnownFileType = sourcecode.swift; path = TableViewCellForSection.swift; sourceTree = "<group>"; };
		18B8E6272A3E5E2E009C32F0 /* TableViewCellForRow.swift */ = {isa = PBXFileReference; lastKnownFileType = sourcecode.swift; path = TableViewCellForRow.swift; sourceTree = "<group>"; };
		18B8E6282A3E5E2E009C32F0 /* TableViewCellForRow.xib */ = {isa = PBXFileReference; lastKnownFileType = file.xib; path = TableViewCellForRow.xib; sourceTree = "<group>"; };
		18B8E62D2A3E9011009C32F0 /* Series_get_request.swift */ = {isa = PBXFileReference; lastKnownFileType = sourcecode.swift; path = Series_get_request.swift; sourceTree = "<group>"; };
		18D5D44F2A3A6B7300BDB42A /* MarvelUniverse.app */ = {isa = PBXFileReference; explicitFileType = wrapper.application; includeInIndex = 0; path = MarvelUniverse.app; sourceTree = BUILT_PRODUCTS_DIR; };
		18D5D4522A3A6B7400BDB42A /* AppDelegate.swift */ = {isa = PBXFileReference; lastKnownFileType = sourcecode.swift; path = AppDelegate.swift; sourceTree = "<group>"; };
		18D5D4542A3A6B7400BDB42A /* SceneDelegate.swift */ = {isa = PBXFileReference; lastKnownFileType = sourcecode.swift; path = SceneDelegate.swift; sourceTree = "<group>"; };
		18D5D4592A3A6B7400BDB42A /* Base */ = {isa = PBXFileReference; lastKnownFileType = file.storyboard; name = Base; path = Base.lproj/Main.storyboard; sourceTree = "<group>"; };
		18D5D45C2A3A6B7400BDB42A /* MarvelUniverse.xcdatamodel */ = {isa = PBXFileReference; lastKnownFileType = wrapper.xcdatamodel; path = MarvelUniverse.xcdatamodel; sourceTree = "<group>"; };
		18D5D45E2A3A6B8E00BDB42A /* Assets.xcassets */ = {isa = PBXFileReference; lastKnownFileType = folder.assetcatalog; path = Assets.xcassets; sourceTree = "<group>"; };
		18D5D4612A3A6B8E00BDB42A /* Base */ = {isa = PBXFileReference; lastKnownFileType = file.storyboard; name = Base; path = Base.lproj/LaunchScreen.storyboard; sourceTree = "<group>"; };
		18D5D4632A3A6B8E00BDB42A /* Info.plist */ = {isa = PBXFileReference; lastKnownFileType = text.plist.xml; path = Info.plist; sourceTree = "<group>"; };
/* End PBXFileReference section */

/* Begin PBXFrameworksBuildPhase section */
		18D5D44C2A3A6B7300BDB42A /* Frameworks */ = {
			isa = PBXFrameworksBuildPhase;
			buildActionMask = 2147483647;
			files = (
				18B8E6242A3E3A53009C32F0 /* Cosmos in Frameworks */,
				18D5D46E2A3A74BF00BDB42A /* Kingfisher in Frameworks */,
				18D5D46B2A3A747900BDB42A /* Alamofire in Frameworks */,
			);
			runOnlyForDeploymentPostprocessing = 0;
		};
/* End PBXFrameworksBuildPhase section */

/* Begin PBXGroup section */
		188F9B172A3F40EB008AC2A8 /* Data_source */ = {
			isa = PBXGroup;
			children = (
				188F9B182A3F4188008AC2A8 /* Network_services.swift */,
				18B0C43F2A40ADC60014E07F /* Network_client.swift */,
				18B0C4412A40B3FD0014E07F /* Remote_data_source.swift */,
			);
			path = Data_source;
			sourceTree = "<group>";
		};
		188F9B1A2A3FC7B0008AC2A8 /* Application_layer */ = {
			isa = PBXGroup;
			children = (
				188F9B1B2A3FC812008AC2A8 /* api_constant.swift */,
			);
			path = Application_layer;
			sourceTree = "<group>";
		};
		18B0C43C2A40A7440014E07F /* Domin_layer */ = {
			isa = PBXGroup;
			children = (
				18B0C43E2A40A7BE0014E07F /* Usecases */,
				18B0C43D2A40A7900014E07F /* Repository */,
			);
			path = Domin_layer;
			sourceTree = "<group>";
		};
		18B0C43D2A40A7900014E07F /* Repository */ = {
			isa = PBXGroup;
			children = (
				18B0C4432A40B6870014E07F /* Base_Repositary.swift */,
			);
			path = Repository;
			sourceTree = "<group>";
		};
		18B0C43E2A40A7BE0014E07F /* Usecases */ = {
			isa = PBXGroup;
			children = (
				18B0C4482A40B93E0014E07F /* AllSeries_usecase.swift */,
			);
			path = Usecases;
			sourceTree = "<group>";
		};
		18B0C4452A40B6E50014E07F /* Repositary */ = {
			isa = PBXGroup;
			children = (
				18B0C4462A40B75A0014E07F /* repositary.swift */,
			);
			path = Repositary;
			sourceTree = "<group>";
		};
		18B0C44A2A40BB4B0014E07F /* ViewModel */ = {
			isa = PBXGroup;
			children = (
				18B0C44B2A40BCFE0014E07F /* Home_viewModel.swift */,
				1866598A2A414BE0002DFB58 /* Search_viewModel.swift */,
			);
			path = ViewModel;
			sourceTree = "<group>";
		};
		18B8E6152A3E14AD009C32F0 /* Base */ = {
			isa = PBXGroup;
			children = (
				18D5D4582A3A6B7400BDB42A /* Main.storyboard */,
				18D5D4602A3A6B8E00BDB42A /* LaunchScreen.storyboard */,
			);
			path = Base;
			sourceTree = "<group>";
		};
		18B8E6172A3E1792009C32F0 /* Presentation_layer */ = {
			isa = PBXGroup;
			children = (
				18B0C44A2A40BB4B0014E07F /* ViewModel */,
				18B8E61A2A3E2479009C32F0 /* View */,
			);
			path = Presentation_layer;
			sourceTree = "<group>";
		};
		18B8E61A2A3E2479009C32F0 /* View */ = {
			isa = PBXGroup;
			children = (
				18B8E6212A3E3833009C32F0 /* Cells */,
				18B8E6182A3E2282009C32F0 /* HomeViewController.swift */,
				1866598C2A414D0B002DFB58 /* SearchViewController.swift */,
			);
			path = View;
			sourceTree = "<group>";
		};
		18B8E6212A3E3833009C32F0 /* Cells */ = {
			isa = PBXGroup;
			children = (
				18B8E6252A3E425C009C32F0 /* TableViewCellForSection.swift */,
				18B8E6272A3E5E2E009C32F0 /* TableViewCellForRow.swift */,
				18B8E6282A3E5E2E009C32F0 /* TableViewCellForRow.xib */,
			);
			path = Cells;
			sourceTree = "<group>";
		};
		18B8E62B2A3E8F50009C32F0 /* Data_layer */ = {
			isa = PBXGroup;
			children = (
				18B0C4452A40B6E50014E07F /* Repositary */,
				188F9B172A3F40EB008AC2A8 /* Data_source */,
				18B8E62C2A3E8F70009C32F0 /* Model */,
			);
			path = Data_layer;
			sourceTree = "<group>";
		};
		18B8E62C2A3E8F70009C32F0 /* Model */ = {
			isa = PBXGroup;
			children = (
				18B8E62D2A3E9011009C32F0 /* Series_get_request.swift */,
			);
			path = Model;
			sourceTree = "<group>";
		};
		18D5D4462A3A6B7300BDB42A = {
			isa = PBXGroup;
			children = (
				18D5D4512A3A6B7300BDB42A /* MarvelUniverse */,
				18D5D4502A3A6B7300BDB42A /* Products */,
			);
			sourceTree = "<group>";
		};
		18D5D4502A3A6B7300BDB42A /* Products */ = {
			isa = PBXGroup;
			children = (
				18D5D44F2A3A6B7300BDB42A /* MarvelUniverse.app */,
			);
			name = Products;
			sourceTree = "<group>";
		};
		18D5D4512A3A6B7300BDB42A /* MarvelUniverse */ = {
			isa = PBXGroup;
			children = (
				18B0C43C2A40A7440014E07F /* Domin_layer */,
				188F9B1A2A3FC7B0008AC2A8 /* Application_layer */,
				18B8E62B2A3E8F50009C32F0 /* Data_layer */,
				18B8E6172A3E1792009C32F0 /* Presentation_layer */,
				18B8E6152A3E14AD009C32F0 /* Base */,
				18D5D4522A3A6B7400BDB42A /* AppDelegate.swift */,
				18D5D4542A3A6B7400BDB42A /* SceneDelegate.swift */,
				18D5D45E2A3A6B8E00BDB42A /* Assets.xcassets */,
				18D5D4632A3A6B8E00BDB42A /* Info.plist */,
				18D5D45B2A3A6B7400BDB42A /* MarvelUniverse.xcdatamodeld */,
			);
			path = MarvelUniverse;
			sourceTree = "<group>";
		};
/* End PBXGroup section */

/* Begin PBXNativeTarget section */
		18D5D44E2A3A6B7300BDB42A /* MarvelUniverse */ = {
			isa = PBXNativeTarget;
			buildConfigurationList = 18D5D4662A3A6B8E00BDB42A /* Build configuration list for PBXNativeTarget "MarvelUniverse" */;
			buildPhases = (
				18D5D44B2A3A6B7300BDB42A /* Sources */,
				18D5D44C2A3A6B7300BDB42A /* Frameworks */,
				18D5D44D2A3A6B7300BDB42A /* Resources */,
			);
			buildRules = (
			);
			dependencies = (
			);
			name = MarvelUniverse;
			packageProductDependencies = (
				18D5D46A2A3A747900BDB42A /* Alamofire */,
				18D5D46D2A3A74BF00BDB42A /* Kingfisher */,
				18B8E6232A3E3A53009C32F0 /* Cosmos */,
			);
			productName = MarvelUniverse;
			productReference = 18D5D44F2A3A6B7300BDB42A /* MarvelUniverse.app */;
			productType = "com.apple.product-type.application";
		};
/* End PBXNativeTarget section */

/* Begin PBXProject section */
		18D5D4472A3A6B7300BDB42A /* Project object */ = {
			isa = PBXProject;
			attributes = {
				BuildIndependentTargetsInParallel = 1;
				LastSwiftUpdateCheck = 1420;
				LastUpgradeCheck = 1420;
				TargetAttributes = {
					18D5D44E2A3A6B7300BDB42A = {
						CreatedOnToolsVersion = 14.2;
					};
				};
			};
			buildConfigurationList = 18D5D44A2A3A6B7300BDB42A /* Build configuration list for PBXProject "MarvelUniverse" */;
			compatibilityVersion = "Xcode 14.0";
			developmentRegion = en;
			hasScannedForEncodings = 0;
			knownRegions = (
				en,
				Base,
			);
			mainGroup = 18D5D4462A3A6B7300BDB42A;
			packageReferences = (
				18D5D4692A3A747800BDB42A /* XCRemoteSwiftPackageReference "Alamofire" */,
				18D5D46C2A3A74BF00BDB42A /* XCRemoteSwiftPackageReference "Kingfisher" */,
				18B8E6222A3E3A53009C32F0 /* XCRemoteSwiftPackageReference "Cosmos" */,
			);
			productRefGroup = 18D5D4502A3A6B7300BDB42A /* Products */;
			projectDirPath = "";
			projectRoot = "";
			targets = (
				18D5D44E2A3A6B7300BDB42A /* MarvelUniverse */,
			);
		};
/* End PBXProject section */

/* Begin PBXResourcesBuildPhase section */
		18D5D44D2A3A6B7300BDB42A /* Resources */ = {
			isa = PBXResourcesBuildPhase;
			buildActionMask = 2147483647;
			files = (
				18D5D4622A3A6B8E00BDB42A /* LaunchScreen.storyboard in Resources */,
				18D5D45F2A3A6B8E00BDB42A /* Assets.xcassets in Resources */,
				18B8E62A2A3E5E2F009C32F0 /* TableViewCellForRow.xib in Resources */,
				18D5D45A2A3A6B7400BDB42A /* Main.storyboard in Resources */,
			);
			runOnlyForDeploymentPostprocessing = 0;
		};
/* End PBXResourcesBuildPhase section */

/* Begin PBXSourcesBuildPhase section */
		18D5D44B2A3A6B7300BDB42A /* Sources */ = {
			isa = PBXSourcesBuildPhase;
			buildActionMask = 2147483647;
			files = (
				18B0C4442A40B6870014E07F /* Base_Repositary.swift in Sources */,
				18B8E6292A3E5E2F009C32F0 /* TableViewCellForRow.swift in Sources */,
				1866598B2A414BE2002DFB58 /* Search_viewModel.swift in Sources */,
				1866598D2A414D0B002DFB58 /* SearchViewController.swift in Sources */,
				18B8E62E2A3E9011009C32F0 /* Series_get_request.swift in Sources */,
				18B0C44C2A40BCFE0014E07F /* Home_viewModel.swift in Sources */,
				18B0C4472A40B75A0014E07F /* repositary.swift in Sources */,
				18B0C4422A40B3FD0014E07F /* Remote_data_source.swift in Sources */,
				18D5D4532A3A6B7400BDB42A /* AppDelegate.swift in Sources */,
				18D5D4552A3A6B7400BDB42A /* SceneDelegate.swift in Sources */,
				18D5D45D2A3A6B7400BDB42A /* MarvelUniverse.xcdatamodeld in Sources */,
				188F9B1C2A3FC813008AC2A8 /* api_constant.swift in Sources */,
				18B8E6192A3E2282009C32F0 /* HomeViewController.swift in Sources */,
				188F9B192A3F4188008AC2A8 /* Network_services.swift in Sources */,
				18B8E6262A3E425C009C32F0 /* TableViewCellForSection.swift in Sources */,
				18B0C4492A40B93E0014E07F /* AllSeries_usecase.swift in Sources */,
				18B0C4402A40ADC70014E07F /* Network_client.swift in Sources */,
			);
			runOnlyForDeploymentPostprocessing = 0;
		};
/* End PBXSourcesBuildPhase section */

/* Begin PBXVariantGroup section */
		18D5D4582A3A6B7400BDB42A /* Main.storyboard */ = {
			isa = PBXVariantGroup;
			children = (
				18D5D4592A3A6B7400BDB42A /* Base */,
			);
			name = Main.storyboard;
			sourceTree = "<group>";
		};
		18D5D4602A3A6B8E00BDB42A /* LaunchScreen.storyboard */ = {
			isa = PBXVariantGroup;
			children = (
				18D5D4612A3A6B8E00BDB42A /* Base */,
			);
			name = LaunchScreen.storyboard;
			sourceTree = "<group>";
		};
/* End PBXVariantGroup section */

/* Begin XCBuildConfiguration section */
		18D5D4642A3A6B8E00BDB42A /* Debug */ = {
			isa = XCBuildConfiguration;
			buildSettings = {
				ALWAYS_SEARCH_USER_PATHS = NO;
				CLANG_ANALYZER_NONNULL = YES;
				CLANG_ANALYZER_NUMBER_OBJECT_CONVERSION = YES_AGGRESSIVE;
				CLANG_CXX_LANGUAGE_STANDARD = "gnu++20";
				CLANG_ENABLE_MODULES = YES;
				CLANG_ENABLE_OBJC_ARC = YES;
				CLANG_ENABLE_OBJC_WEAK = YES;
				CLANG_WARN_BLOCK_CAPTURE_AUTORELEASING = YES;
				CLANG_WARN_BOOL_CONVERSION = YES;
				CLANG_WARN_COMMA = YES;
				CLANG_WARN_CONSTANT_CONVERSION = YES;
				CLANG_WARN_DEPRECATED_OBJC_IMPLEMENTATIONS = YES;
				CLANG_WARN_DIRECT_OBJC_ISA_USAGE = YES_ERROR;
				CLANG_WARN_DOCUMENTATION_COMMENTS = YES;
				CLANG_WARN_EMPTY_BODY = YES;
				CLANG_WARN_ENUM_CONVERSION = YES;
				CLANG_WARN_INFINITE_RECURSION = YES;
				CLANG_WARN_INT_CONVERSION = YES;
				CLANG_WARN_NON_LITERAL_NULL_CONVERSION = YES;
				CLANG_WARN_OBJC_IMPLICIT_RETAIN_SELF = YES;
				CLANG_WARN_OBJC_LITERAL_CONVERSION = YES;
				CLANG_WARN_OBJC_ROOT_CLASS = YES_ERROR;
				CLANG_WARN_QUOTED_INCLUDE_IN_FRAMEWORK_HEADER = YES;
				CLANG_WARN_RANGE_LOOP_ANALYSIS = YES;
				CLANG_WARN_STRICT_PROTOTYPES = YES;
				CLANG_WARN_SUSPICIOUS_MOVE = YES;
				CLANG_WARN_UNGUARDED_AVAILABILITY = YES_AGGRESSIVE;
				CLANG_WARN_UNREACHABLE_CODE = YES;
				CLANG_WARN__DUPLICATE_METHOD_MATCH = YES;
				COPY_PHASE_STRIP = NO;
				DEBUG_INFORMATION_FORMAT = dwarf;
				ENABLE_STRICT_OBJC_MSGSEND = YES;
				ENABLE_TESTABILITY = YES;
				GCC_C_LANGUAGE_STANDARD = gnu11;
				GCC_DYNAMIC_NO_PIC = NO;
				GCC_NO_COMMON_BLOCKS = YES;
				GCC_OPTIMIZATION_LEVEL = 0;
				GCC_PREPROCESSOR_DEFINITIONS = (
					"DEBUG=1",
					"$(inherited)",
				);
				GCC_WARN_64_TO_32_BIT_CONVERSION = YES;
				GCC_WARN_ABOUT_RETURN_TYPE = YES_ERROR;
				GCC_WARN_UNDECLARED_SELECTOR = YES;
				GCC_WARN_UNINITIALIZED_AUTOS = YES_AGGRESSIVE;
				GCC_WARN_UNUSED_FUNCTION = YES;
				GCC_WARN_UNUSED_VARIABLE = YES;
				IPHONEOS_DEPLOYMENT_TARGET = 16.2;
				MTL_ENABLE_DEBUG_INFO = INCLUDE_SOURCE;
				MTL_FAST_MATH = YES;
				ONLY_ACTIVE_ARCH = YES;
				SDKROOT = iphoneos;
				SWIFT_ACTIVE_COMPILATION_CONDITIONS = DEBUG;
				SWIFT_OPTIMIZATION_LEVEL = "-Onone";
			};
			name = Debug;
		};
		18D5D4652A3A6B8E00BDB42A /* Release */ = {
			isa = XCBuildConfiguration;
			buildSettings = {
				ALWAYS_SEARCH_USER_PATHS = NO;
				CLANG_ANALYZER_NONNULL = YES;
				CLANG_ANALYZER_NUMBER_OBJECT_CONVERSION = YES_AGGRESSIVE;
				CLANG_CXX_LANGUAGE_STANDARD = "gnu++20";
				CLANG_ENABLE_MODULES = YES;
				CLANG_ENABLE_OBJC_ARC = YES;
				CLANG_ENABLE_OBJC_WEAK = YES;
				CLANG_WARN_BLOCK_CAPTURE_AUTORELEASING = YES;
				CLANG_WARN_BOOL_CONVERSION = YES;
				CLANG_WARN_COMMA = YES;
				CLANG_WARN_CONSTANT_CONVERSION = YES;
				CLANG_WARN_DEPRECATED_OBJC_IMPLEMENTATIONS = YES;
				CLANG_WARN_DIRECT_OBJC_ISA_USAGE = YES_ERROR;
				CLANG_WARN_DOCUMENTATION_COMMENTS = YES;
				CLANG_WARN_EMPTY_BODY = YES;
				CLANG_WARN_ENUM_CONVERSION = YES;
				CLANG_WARN_INFINITE_RECURSION = YES;
				CLANG_WARN_INT_CONVERSION = YES;
				CLANG_WARN_NON_LITERAL_NULL_CONVERSION = YES;
				CLANG_WARN_OBJC_IMPLICIT_RETAIN_SELF = YES;
				CLANG_WARN_OBJC_LITERAL_CONVERSION = YES;
				CLANG_WARN_OBJC_ROOT_CLASS = YES_ERROR;
				CLANG_WARN_QUOTED_INCLUDE_IN_FRAMEWORK_HEADER = YES;
				CLANG_WARN_RANGE_LOOP_ANALYSIS = YES;
				CLANG_WARN_STRICT_PROTOTYPES = YES;
				CLANG_WARN_SUSPICIOUS_MOVE = YES;
				CLANG_WARN_UNGUARDED_AVAILABILITY = YES_AGGRESSIVE;
				CLANG_WARN_UNREACHABLE_CODE = YES;
				CLANG_WARN__DUPLICATE_METHOD_MATCH = YES;
				COPY_PHASE_STRIP = NO;
				DEBUG_INFORMATION_FORMAT = "dwarf-with-dsym";
				ENABLE_NS_ASSERTIONS = NO;
				ENABLE_STRICT_OBJC_MSGSEND = YES;
				GCC_C_LANGUAGE_STANDARD = gnu11;
				GCC_NO_COMMON_BLOCKS = YES;
				GCC_WARN_64_TO_32_BIT_CONVERSION = YES;
				GCC_WARN_ABOUT_RETURN_TYPE = YES_ERROR;
				GCC_WARN_UNDECLARED_SELECTOR = YES;
				GCC_WARN_UNINITIALIZED_AUTOS = YES_AGGRESSIVE;
				GCC_WARN_UNUSED_FUNCTION = YES;
				GCC_WARN_UNUSED_VARIABLE = YES;
				IPHONEOS_DEPLOYMENT_TARGET = 16.2;
				MTL_ENABLE_DEBUG_INFO = NO;
				MTL_FAST_MATH = YES;
				SDKROOT = iphoneos;
				SWIFT_COMPILATION_MODE = wholemodule;
				SWIFT_OPTIMIZATION_LEVEL = "-O";
				VALIDATE_PRODUCT = YES;
			};
			name = Release;
		};
		18D5D4672A3A6B8E00BDB42A /* Debug */ = {
			isa = XCBuildConfiguration;
			buildSettings = {
				ASSETCATALOG_COMPILER_APPICON_NAME = AppIcon;
				ASSETCATALOG_COMPILER_GLOBAL_ACCENT_COLOR_NAME = AccentColor;
				CODE_SIGN_STYLE = Automatic;
				CURRENT_PROJECT_VERSION = 1;
				GENERATE_INFOPLIST_FILE = YES;
				INFOPLIST_FILE = MarvelUniverse/Info.plist;
				INFOPLIST_KEY_UIApplicationSupportsIndirectInputEvents = YES;
				INFOPLIST_KEY_UILaunchStoryboardName = LaunchScreen;
				INFOPLIST_KEY_UIMainStoryboardFile = Main;
				INFOPLIST_KEY_UISupportedInterfaceOrientations_iPad = "UIInterfaceOrientationPortrait UIInterfaceOrientationPortraitUpsideDown UIInterfaceOrientationLandscapeLeft UIInterfaceOrientationLandscapeRight";
				INFOPLIST_KEY_UISupportedInterfaceOrientations_iPhone = "UIInterfaceOrientationPortrait UIInterfaceOrientationLandscapeLeft UIInterfaceOrientationLandscapeRight";
				LD_RUNPATH_SEARCH_PATHS = (
					"$(inherited)",
					"@executable_path/Frameworks",
				);
				MARKETING_VERSION = 1.0;
				PRODUCT_BUNDLE_IDENTIFIER = task.MarvelUniverse;
				PRODUCT_NAME = "$(TARGET_NAME)";
				SWIFT_EMIT_LOC_STRINGS = YES;
				SWIFT_VERSION = 5.0;
				TARGETED_DEVICE_FAMILY = "1,2";
			};
			name = Debug;
		};
		18D5D4682A3A6B8E00BDB42A /* Release */ = {
			isa = XCBuildConfiguration;
			buildSettings = {
				ASSETCATALOG_COMPILER_APPICON_NAME = AppIcon;
				ASSETCATALOG_COMPILER_GLOBAL_ACCENT_COLOR_NAME = AccentColor;
				CODE_SIGN_STYLE = Automatic;
				CURRENT_PROJECT_VERSION = 1;
				GENERATE_INFOPLIST_FILE = YES;
				INFOPLIST_FILE = MarvelUniverse/Info.plist;
				INFOPLIST_KEY_UIApplicationSupportsIndirectInputEvents = YES;
				INFOPLIST_KEY_UILaunchStoryboardName = LaunchScreen;
				INFOPLIST_KEY_UIMainStoryboardFile = Main;
				INFOPLIST_KEY_UISupportedInterfaceOrientations_iPad = "UIInterfaceOrientationPortrait UIInterfaceOrientationPortraitUpsideDown UIInterfaceOrientationLandscapeLeft UIInterfaceOrientationLandscapeRight";
				INFOPLIST_KEY_UISupportedInterfaceOrientations_iPhone = "UIInterfaceOrientationPortrait UIInterfaceOrientationLandscapeLeft UIInterfaceOrientationLandscapeRight";
				LD_RUNPATH_SEARCH_PATHS = (
					"$(inherited)",
					"@executable_path/Frameworks",
				);
				MARKETING_VERSION = 1.0;
				PRODUCT_BUNDLE_IDENTIFIER = task.MarvelUniverse;
				PRODUCT_NAME = "$(TARGET_NAME)";
				SWIFT_EMIT_LOC_STRINGS = YES;
				SWIFT_VERSION = 5.0;
				TARGETED_DEVICE_FAMILY = "1,2";
			};
			name = Release;
		};
/* End XCBuildConfiguration section */

/* Begin XCConfigurationList section */
		18D5D44A2A3A6B7300BDB42A /* Build configuration list for PBXProject "MarvelUniverse" */ = {
			isa = XCConfigurationList;
			buildConfigurations = (
				18D5D4642A3A6B8E00BDB42A /* Debug */,
				18D5D4652A3A6B8E00BDB42A /* Release */,
			);
			defaultConfigurationIsVisible = 0;
			defaultConfigurationName = Release;
		};
		18D5D4662A3A6B8E00BDB42A /* Build configuration list for PBXNativeTarget "MarvelUniverse" */ = {
			isa = XCConfigurationList;
			buildConfigurations = (
				18D5D4672A3A6B8E00BDB42A /* Debug */,
				18D5D4682A3A6B8E00BDB42A /* Release */,
			);
			defaultConfigurationIsVisible = 0;
			defaultConfigurationName = Release;
		};
/* End XCConfigurationList section */

/* Begin XCRemoteSwiftPackageReference section */
		18B8E6222A3E3A53009C32F0 /* XCRemoteSwiftPackageReference "Cosmos" */ = {
			isa = XCRemoteSwiftPackageReference;
			repositoryURL = "https://github.com/evgenyneu/Cosmos.git";
			requirement = {
				branch = master;
				kind = branch;
			};
		};
		18D5D4692A3A747800BDB42A /* XCRemoteSwiftPackageReference "Alamofire" */ = {
			isa = XCRemoteSwiftPackageReference;
			repositoryURL = "https://github.com/Alamofire/Alamofire.git";
			requirement = {
				branch = master;
				kind = branch;
			};
		};
		18D5D46C2A3A74BF00BDB42A /* XCRemoteSwiftPackageReference "Kingfisher" */ = {
			isa = XCRemoteSwiftPackageReference;
			repositoryURL = "https://github.com/onevcat/Kingfisher.git";
			requirement = {
				branch = master;
				kind = branch;
			};
		};
/* End XCRemoteSwiftPackageReference section */

/* Begin XCSwiftPackageProductDependency section */
		18B8E6232A3E3A53009C32F0 /* Cosmos */ = {
			isa = XCSwiftPackageProductDependency;
			package = 18B8E6222A3E3A53009C32F0 /* XCRemoteSwiftPackageReference "Cosmos" */;
			productName = Cosmos;
		};
		18D5D46A2A3A747900BDB42A /* Alamofire */ = {
			isa = XCSwiftPackageProductDependency;
			package = 18D5D4692A3A747800BDB42A /* XCRemoteSwiftPackageReference "Alamofire" */;
			productName = Alamofire;
		};
		18D5D46D2A3A74BF00BDB42A /* Kingfisher */ = {
			isa = XCSwiftPackageProductDependency;
			package = 18D5D46C2A3A74BF00BDB42A /* XCRemoteSwiftPackageReference "Kingfisher" */;
			productName = Kingfisher;
		};
/* End XCSwiftPackageProductDependency section */

/* Begin XCVersionGroup section */
		18D5D45B2A3A6B7400BDB42A /* MarvelUniverse.xcdatamodeld */ = {
			isa = XCVersionGroup;
			children = (
				18D5D45C2A3A6B7400BDB42A /* MarvelUniverse.xcdatamodel */,
			);
			currentVersion = 18D5D45C2A3A6B7400BDB42A /* MarvelUniverse.xcdatamodel */;
			path = MarvelUniverse.xcdatamodeld;
			sourceTree = "<group>";
			versionGroupType = wrapper.xcdatamodel;
		};
/* End XCVersionGroup section */
	};
	rootObject = 18D5D4472A3A6B7300BDB42A /* Project object */;
}
